{
  "name": "@web-atoms/web-controls",
  "version": "1.2.22",
  "lockfileVersion": 1,
  "requires": true,
  "dependencies": {
    "@web-atoms/core": {
      "version": "1.2.42",
      "resolved": "https://registry.npmjs.org/@web-atoms/core/-/core-1.2.42.tgz",
      "integrity": "sha512-cpb8FXq3brK4mXYxOL0C+qB+lyH9i9dbgRyvJ3iaWMyg3Debs20u2XnvGak380aGGT8L6KbGsDviQNtnMYKWJA==",
      "requires": {
        "@web-atoms/date-time": "^1.0.23",
        "reflect-metadata": "^0.1.13"
      }
    },
    "@web-atoms/date-time": {
      "version": "1.0.26",
      "resolved": "https://registry.npmjs.org/@web-atoms/date-time/-/date-time-1.0.26.tgz",
      "integrity": "sha512-tMtmCjYOK537j8DNj5vsqm7SUYVZ+IUvg8UGsPGF+2z3lsURBsggWPulnBc3yliB1aBMZwRKuJfzbjKgVKPoag=="
    },
    "@web-atoms/module-loader": {
      "version": "1.0.431",
      "resolved": "https://registry.npmjs.org/@web-atoms/module-loader/-/module-loader-1.0.431.tgz",
      "integrity": "sha512-x2UkikCfSpb9hXdeXJRAhTdsWe3n6cZS0TLOiqqrZQa5lEpkcZkEQAp50phgvUgsZYy+ILcSNdYH6zFfLa3Hgg=="
    },
    "reflect-metadata": {
      "version": "0.1.13",
      "resolved": "https://registry.npmjs.org/reflect-metadata/-/reflect-metadata-0.1.13.tgz",
      "integrity": "sha512-Ts1Y/anZELhSsjMcU605fU9RE4Oi3p5ORujwbIKXfWa+0Zxs510Qrmrce5/Jowq3cHSZSJqBjypxmHarc+vEWg=="
    }
  }
}
