{
  "name": "@web-atoms/web-controls",
  "version": "2.3.128",
  "lockfileVersion": 2,
  "requires": true,
  "packages": {
    "": {
      "name": "@web-atoms/web-controls",
      "version": "2.3.128",
      "license": "ISC",
      "dependencies": {
        "@web-atoms/core": "^2.2.91",
        "@web-atoms/data-styles": "^1.0.27",
        "@web-atoms/date-time": "^1.0.26",
        "@web-atoms/module-loader": "^2.1.10",
        "reflect-metadata": "^0.1.13"
      },
      "devDependencies": {
        "tslib": "^2.4.1"
      }
    },
    "node_modules/@web-atoms/core": {
      "version": "2.2.91",
      "resolved": "https://registry.npmjs.org/@web-atoms/core/-/core-2.2.91.tgz",
      "integrity": "sha512-EekK+BtIdZMGUhf/S6w2hKDfSvDMVoupGwOwBB57f7Wxs2FM5J8kgasei+p530uKKKi/wIizaXmO7pwTPGCWDQ==",
      "dependencies": {
        "@web-atoms/date-time": "^1.1.1",
        "reflect-metadata": "^0.1.13"
      }
    },
    "node_modules/@web-atoms/data-styles": {
      "version": "1.0.27",
      "resolved": "https://registry.npmjs.org/@web-atoms/data-styles/-/data-styles-1.0.27.tgz",
      "integrity": "sha512-1xkWtISXnW4LXHasAPH+p/TOObCMfXnoDbVMRO757bhv315Iabjyq59xDvWVYsufnbkMe1rENywhgKM7NquWnQ=="
    },
    "node_modules/@web-atoms/date-time": {
      "version": "1.1.1",
      "resolved": "https://registry.npmjs.org/@web-atoms/date-time/-/date-time-1.1.1.tgz",
      "integrity": "sha512-zQjCKVsLYQ3hFO3X00SmAjc2zJbqByhGWwZ8rYqmjklwQmVQNrO+WcPX2f5lUEleMGXbg5euBlKG/NsjaDMVcQ=="
    },
    "node_modules/@web-atoms/module-loader": {
      "version": "2.1.10",
      "resolved": "https://registry.npmjs.org/@web-atoms/module-loader/-/module-loader-2.1.10.tgz",
      "integrity": "sha512-AMi42ZU+hfV8N56MapUJWZupsoOdVV4cH0DCkk3J5TB90c05hIVyy1YFPdOWlpL0ljm4mdoohizeyZAGkd/NFA=="
    },
    "node_modules/reflect-metadata": {
      "version": "0.1.13",
      "resolved": "https://registry.npmjs.org/reflect-metadata/-/reflect-metadata-0.1.13.tgz",
      "integrity": "sha512-Ts1Y/anZELhSsjMcU605fU9RE4Oi3p5ORujwbIKXfWa+0Zxs510Qrmrce5/Jowq3cHSZSJqBjypxmHarc+vEWg=="
    },
    "node_modules/tslib": {
      "version": "2.4.1",
      "resolved": "https://registry.npmjs.org/tslib/-/tslib-2.4.1.tgz",
      "integrity": "sha512-tGyy4dAjRIEwI7BzsB0lynWgOpfqjUdq91XXAlIWD2OwKBH7oCl/GZG/HT4BOHrTlPMOASlMQ7veyTqpmRcrNA==",
      "dev": true
    }
  },
  "dependencies": {
    "@web-atoms/core": {
      "version": "2.2.91",
      "resolved": "https://registry.npmjs.org/@web-atoms/core/-/core-2.2.91.tgz",
      "integrity": "sha512-EekK+BtIdZMGUhf/S6w2hKDfSvDMVoupGwOwBB57f7Wxs2FM5J8kgasei+p530uKKKi/wIizaXmO7pwTPGCWDQ==",
      "requires": {
        "@web-atoms/date-time": "^1.1.1",
        "reflect-metadata": "^0.1.13"
      }
    },
    "@web-atoms/data-styles": {
      "version": "1.0.27",
      "resolved": "https://registry.npmjs.org/@web-atoms/data-styles/-/data-styles-1.0.27.tgz",
      "integrity": "sha512-1xkWtISXnW4LXHasAPH+p/TOObCMfXnoDbVMRO757bhv315Iabjyq59xDvWVYsufnbkMe1rENywhgKM7NquWnQ=="
    },
    "@web-atoms/date-time": {
      "version": "1.1.1",
      "resolved": "https://registry.npmjs.org/@web-atoms/date-time/-/date-time-1.1.1.tgz",
      "integrity": "sha512-zQjCKVsLYQ3hFO3X00SmAjc2zJbqByhGWwZ8rYqmjklwQmVQNrO+WcPX2f5lUEleMGXbg5euBlKG/NsjaDMVcQ=="
    },
    "@web-atoms/module-loader": {
      "version": "2.1.10",
      "resolved": "https://registry.npmjs.org/@web-atoms/module-loader/-/module-loader-2.1.10.tgz",
      "integrity": "sha512-AMi42ZU+hfV8N56MapUJWZupsoOdVV4cH0DCkk3J5TB90c05hIVyy1YFPdOWlpL0ljm4mdoohizeyZAGkd/NFA=="
    },
    "reflect-metadata": {
      "version": "0.1.13",
      "resolved": "https://registry.npmjs.org/reflect-metadata/-/reflect-metadata-0.1.13.tgz",
      "integrity": "sha512-Ts1Y/anZELhSsjMcU605fU9RE4Oi3p5ORujwbIKXfWa+0Zxs510Qrmrce5/Jowq3cHSZSJqBjypxmHarc+vEWg=="
    },
    "tslib": {
      "version": "2.4.1",
      "resolved": "https://registry.npmjs.org/tslib/-/tslib-2.4.1.tgz",
      "integrity": "sha512-tGyy4dAjRIEwI7BzsB0lynWgOpfqjUdq91XXAlIWD2OwKBH7oCl/GZG/HT4BOHrTlPMOASlMQ7veyTqpmRcrNA==",
      "dev": true
    }
  }
}
