{
  "name": "@web-atoms/web-controls",
  "version": "1.0.52",
  "lockfileVersion": 1,
  "requires": true,
  "dependencies": {
    "reflect-metadata": {
      "version": "0.1.13",
      "resolved": "https://registry.npmjs.org/reflect-metadata/-/reflect-metadata-0.1.13.tgz",
      "integrity": "sha512-Ts1Y/anZELhSsjMcU605fU9RE4Oi3p5ORujwbIKXfWa+0Zxs510Qrmrce5/Jowq3cHSZSJqBjypxmHarc+vEWg=="
    },
    "web-atoms-amd-loader": {
      "version": "1.0.359",
      "resolved": "https://registry.npmjs.org/web-atoms-amd-loader/-/web-atoms-amd-loader-1.0.359.tgz",
      "integrity": "sha512-kq3JaByX72pEZ21RkCqrc2ESFToskMyb1cNZvqLAusOHJ949QEOOPAxsZcKNx/BOG+Ts9diTGzqItCoXRI5KHA=="
    },
    "web-atoms-core": {
      "version": "1.0.726",
      "resolved": "https://registry.npmjs.org/web-atoms-core/-/web-atoms-core-1.0.726.tgz",
      "integrity": "sha512-MV6v3/Pd675FO3oHvYoDUM71J+JX0zseY1NHkhvHCdAG/XU/W0k5/5Ao/INMsUxUAC88AJyW+H5fb8gy12NM6Q==",
      "requires": {
        "reflect-metadata": "^0.1.13"
      }
    }
  }
}
